
Microsoft Visual Studio Solution File, Format Version 12.00
# Visual Studio Version 17
VisualStudioVersion = 17.5.33516.290
MinimumVisualStudioVersion = 10.0.40219.1
Project("{FAE04EC0-301F-11D3-BF4B-00C04F79EFBC}") = "Core", "Core\Core.csproj", "{D84B41C3-8A7F-4F00-B5A2-B68B62A05E6E}"
EndProject
Project("{FAE04EC0-301F-11D3-BF4B-00C04F79EFBC}") = "TestMonitorTesting", "TestMonitorTesting\TestMonitorTesting.csproj", "{7A6154A3-F9B3-4249-BB2A-8638BE5974D0}"
EndProject
Global
	GlobalSection(SolutionConfigurationPlatforms) = preSolution
		Debug|Any CPU = Debug|Any CPU
		Release|Any CPU = Release|Any CPU
	EndGlobalSection
	GlobalSection(ProjectConfigurationPlatforms) = postSolution
		{D84B41C3-8A7F-4F00-B5A2-B68B62A05E6E}.Debug|Any CPU.ActiveCfg = Debug|Any CPU
		{D84B41C3-8A7F-4F00-B5A2-B68B62A05E6E}.Debug|Any CPU.Build.0 = Debug|Any CPU
		{D84B41C3-8A7F-4F00-B5A2-B68B62A05E6E}.Release|Any CPU.ActiveCfg = Release|Any CPU
		{D84B41C3-8A7F-4F00-B5A2-B68B62A05E6E}.Release|Any CPU.Build.0 = Release|Any CPU
		{7A6154A3-F9B3-4249-BB2A-8638BE5974D0}.Debug|Any CPU.ActiveCfg = Debug|Any CPU
		{7A6154A3-F9B3-4249-BB2A-8638BE5974D0}.Debug|Any CPU.Build.0 = Debug|Any CPU
		{7A6154A3-F9B3-4249-BB2A-8638BE5974D0}.Release|Any CPU.ActiveCfg = Release|Any CPU
		{7A6154A3-F9B3-4249-BB2A-8638BE5974D0}.Release|Any CPU.Build.0 = Release|Any CPU
	EndGlobalSection
	GlobalSection(SolutionProperties) = preSolution
		HideSolutionNode = FALSE
	EndGlobalSection
	GlobalSection(ExtensibilityGlobals) = postSolution
		SolutionGuid = {48C2A587-2D5B-4445-BBB6-41A094110889}
	EndGlobalSection
EndGlobal
